
Microsoft Visual Studio Solution File, Format Version 12.00
# Visual Studio 2013
VisualStudioVersion = 12.0.40629.0
MinimumVisualStudioVersion = 10.0.40219.1
Project("{8BC9CEB8-8B4A-11D0-8D11-00A0C91BC942}") = "HArray", "HArray\HArray.vcxproj", "{57FBA928-92FF-42AF-9609-0A20D454EBD9}"
EndProject
Global
	GlobalSection(SolutionConfigurationPlatforms) = preSolution
		Debug|blah = Debug|blah
		Debug|Win32 = Debug|Win32
		Debug|x64 = Debug|x64
		Release|blah = Release|blah
		Release|Win32 = Release|Win32
		Release|x64 = Release|x64
	EndGlobalSection
	GlobalSection(ProjectConfigurationPlatforms) = postSolution
		{57FBA928-92FF-42AF-9609-0A20D454EBD9}.Debug|blah.ActiveCfg = Debug|x64
		{57FBA928-92FF-42AF-9609-0A20D454EBD9}.Debug|blah.Build.0 = Debug|x64
		{57FBA928-92FF-42AF-9609-0A20D454EBD9}.Debug|Win32.ActiveCfg = Debug|Win32
		{57FBA928-92FF-42AF-9609-0A20D454EBD9}.Debug|Win32.Build.0 = Debug|Win32
		{57FBA928-92FF-42AF-9609-0A20D454EBD9}.Debug|x64.ActiveCfg = Debug|x64
		{57FBA928-92FF-42AF-9609-0A20D454EBD9}.Debug|x64.Build.0 = Debug|x64
		{57FBA928-92FF-42AF-9609-0A20D454EBD9}.Release|blah.ActiveCfg = Release|Win32
		{57FBA928-92FF-42AF-9609-0A20D454EBD9}.Release|blah.Build.0 = Release|Win32
		{57FBA928-92FF-42AF-9609-0A20D454EBD9}.Release|Win32.ActiveCfg = Release|Win32
		{57FBA928-92FF-42AF-9609-0A20D454EBD9}.Release|Win32.Build.0 = Release|Win32
		{57FBA928-92FF-42AF-9609-0A20D454EBD9}.Release|x64.ActiveCfg = Release|Win32
		{57FBA928-92FF-42AF-9609-0A20D454EBD9}.Release|x64.Build.0 = Release|Win32
	EndGlobalSection
	GlobalSection(SolutionProperties) = preSolution
		HideSolutionNode = FALSE
	EndGlobalSection
EndGlobal
