<?xml version="1.0" encoding="UTF-8" standalone="yes" ?>
<CodeBlocks_project_file>
	<FileVersion major="1" minor="6" />
	<Project>
		<Option title="HArray" />
		<Option pch_mode="2" />
		<Option compiler="gcc" />
		<Build>
			<Target title="Debug">
				<Option output="bin/Debug/HArray" prefix_auto="1" extension_auto="1" />
				<Option object_output="obj/Debug/" />
				<Option type="1" />
				<Option compiler="gcc" />
				<Compiler>
					<Add option="-g" />
				</Compiler>
			</Target>
			<Target title="Release">
				<Option output="bin/Release/HArray" prefix_auto="1" extension_auto="1" />
				<Option object_output="obj/Release/" />
				<Option type="1" />
				<Option compiler="gcc" />
				<Compiler>
					<Add option="-O2" />
				</Compiler>
				<Linker>
					<Add option="-s" />
				</Linker>
			</Target>
		</Build>
		<Compiler>
			<Add option="-Wall" />
			<Add option="-fexceptions" />
		</Compiler>
		<Unit filename="HArrayFixBase.h" />
		<Unit filename="HArrayInt.h" />
		<Unit filename="HArrayVarRAM.h" />
		<Unit filename="HArrayVarRAM_delValueByKey.cpp" />
		<Unit filename="HArrayVarRAM_getKeysAndValuesByRange.cpp" />
		<Unit filename="HArrayVarRAM_getValueByKey.cpp" />
		<Unit filename="HArrayVarRAM_getValuesByRange.cpp" />
		<Unit filename="HArrayVarRAM_hasPartKey.cpp" />
		<Unit filename="HArrayVarRAM_insert.cpp" />
		<Unit filename="HArrayVarRAM_scanKeysAndValues.cpp" />
		<Unit filename="Main.cpp" />
		<Unit filename="stdafx.h" />
		<Extensions>
			<code_completion />
			<debugger />
		</Extensions>
	</Project>
</CodeBlocks_project_file>
